DEPENDENCIES
  blog
    path: cookbooks/blog
  ci
    path: cookbooks/ci

GRAPH
  apt (2.6.1)
  blog (0.1.0)
    apt (>= 0.0.0)
    database (>= 0.0.0)
    mysql2_chef_gem (>= 0.0.0)
  build-essential (2.2.0)
  chef-sugar (3.0.0)
  ci (0.1.0)
    apt (>= 0.0.0)
    jenkins (>= 0.0.0)
  database (4.0.3)
    postgresql (>= 1.0.0)
  jenkins (2.2.2)
    apt (~> 2.0)
    runit (~> 1.5)
    yum (~> 3.0)
  mariadb (0.2.12)
    apt (>= 0.0.0)
    yum (>= 0.0.0)
    yum-epel (>= 0.0.0)
  mysql (6.0.17)
    smf (>= 0.0.0)
    yum-mysql-community (>= 0.0.0)
  mysql2_chef_gem (1.0.1)
    build-essential (>= 0.0.0)
    mariadb (>= 0.0.0)
    mysql (>= 0.0.0)
  openssl (4.0.0)
    chef-sugar (>= 0.0.0)
  postgresql (3.4.18)
    apt (>= 1.9.0)
    build-essential (>= 0.0.0)
    openssl (~> 4.0.0)
  rbac (1.0.2)
  runit (1.5.18)
    build-essential (>= 0.0.0)
    yum (~> 3.0)
    yum-epel (>= 0.0.0)
  smf (2.2.6)
    rbac (>= 1.0.1)
  yum (3.5.3)
  yum-epel (0.6.0)
    yum (~> 3.0)
  yum-mysql-community (0.1.14)
    yum (>= 3.0)
